// !$*UTF8*$!
{
	archiveVersion = 1;
	classes = {
	};
	objectVersion = 46;
	objects = {

/* Begin PBXBuildFile section */
		01FB643E1D4D134600C9C8A0 /* DrawView.m in Sources */ = {isa = PBXBuildFile; fileRef = 01FB64381D4D134600C9C8A0 /* DrawView.m */; };
		01FB643F1D4D134600C9C8A0 /* DrawViewManager.m in Sources */ = {isa = PBXBuildFile; fileRef = 01FB643A1D4D134600C9C8A0 /* DrawViewManager.m */; };
		01FB64AC1D4DAEE900C9C8A0 /* WhiteBoardPoint.m in Sources */ = {isa = PBXBuildFile; fileRef = 01FB64A71D4DAEE900C9C8A0 /* WhiteBoardPoint.m */; };
		01FB64AD1D4DAEE900C9C8A0 /* WhiteBoardView.m in Sources */ = {isa = PBXBuildFile; fileRef = 01FB64A91D4DAEE900C9C8A0 /* WhiteBoardView.m */; };
		01FB64AE1D4DAEE900C9C8A0 /* WhiteBoardViewManager.m in Sources */ = {isa = PBXBuildFile; fileRef = 01FB64AB1D4DAEE900C9C8A0 /* WhiteBoardViewManager.m */; };
/* End PBXBuildFile section */

/* Begin PBXCopyFilesBuildPhase section */
		01FB64231D4D12F500C9C8A0 /* CopyFiles */ = {
			isa = PBXCopyFilesBuildPhase;
			buildActionMask = 2147483647;
			dstPath = "include/$(PRODUCT_NAME)";
			dstSubfolderSpec = 16;
			files = (
			);
			runOnlyForDeploymentPostprocessing = 0;
		};
/* End PBXCopyFilesBuildPhase section */

/* Begin PBXFileReference section */
		01FB64251D4D12F500C9C8A0 /* libcolview.a */ = {isa = PBXFileReference; explicitFileType = archive.ar; includeInIndex = 0; path = libcolview.a; sourceTree = BUILT_PRODUCTS_DIR; };
		01FB64371D4D134600C9C8A0 /* DrawView.h */ = {isa = PBXFileReference; fileEncoding = 4; lastKnownFileType = sourcecode.c.h; path = DrawView.h; sourceTree = "<group>"; };
		01FB64381D4D134600C9C8A0 /* DrawView.m */ = {isa = PBXFileReference; fileEncoding = 4; lastKnownFileType = sourcecode.c.objc; path = DrawView.m; sourceTree = "<group>"; };
		01FB64391D4D134600C9C8A0 /* DrawViewManager.h */ = {isa = PBXFileReference; fileEncoding = 4; lastKnownFileType = sourcecode.c.h; path = DrawViewManager.h; sourceTree = "<group>"; };
		01FB643A1D4D134600C9C8A0 /* DrawViewManager.m */ = {isa = PBXFileReference; fileEncoding = 4; lastKnownFileType = sourcecode.c.objc; path = DrawViewManager.m; sourceTree = "<group>"; };
		01FB64A61D4DAEE900C9C8A0 /* WhiteBoardPoint.h */ = {isa = PBXFileReference; fileEncoding = 4; lastKnownFileType = sourcecode.c.h; path = WhiteBoardPoint.h; sourceTree = "<group>"; };
		01FB64A71D4DAEE900C9C8A0 /* WhiteBoardPoint.m */ = {isa = PBXFileReference; fileEncoding = 4; lastKnownFileType = sourcecode.c.objc; path = WhiteBoardPoint.m; sourceTree = "<group>"; };
		01FB64A81D4DAEE900C9C8A0 /* WhiteBoardView.h */ = {isa = PBXFileReference; fileEncoding = 4; lastKnownFileType = sourcecode.c.h; path = WhiteBoardView.h; sourceTree = "<group>"; };
		01FB64A91D4DAEE900C9C8A0 /* WhiteBoardView.m */ = {isa = PBXFileReference; fileEncoding = 4; lastKnownFileType = sourcecode.c.objc; path = WhiteBoardView.m; sourceTree = "<group>"; };
		01FB64AA1D4DAEE900C9C8A0 /* WhiteBoardViewManager.h */ = {isa = PBXFileReference; fileEncoding = 4; lastKnownFileType = sourcecode.c.h; path = WhiteBoardViewManager.h; sourceTree = "<group>"; };
		01FB64AB1D4DAEE900C9C8A0 /* WhiteBoardViewManager.m */ = {isa = PBXFileReference; fileEncoding = 4; lastKnownFileType = sourcecode.c.objc; path = WhiteBoardViewManager.m; sourceTree = "<group>"; };
/* End PBXFileReference section */

/* Begin PBXFrameworksBuildPhase section */
		01FB64221D4D12F500C9C8A0 /* Frameworks */ = {
			isa = PBXFrameworksBuildPhase;
			buildActionMask = 2147483647;
			files = (
			);
			runOnlyForDeploymentPostprocessing = 0;
		};
/* End PBXFrameworksBuildPhase section */

/* Begin PBXGroup section */
		01FB641C1D4D12F500C9C8A0 = {
			isa = PBXGroup;
			children = (
				01FB64271D4D12F500C9C8A0 /* colview */,
				01FB64261D4D12F500C9C8A0 /* Products */,
			);
			sourceTree = "<group>";
		};
		01FB64261D4D12F500C9C8A0 /* Products */ = {
			isa = PBXGroup;
			children = (
				01FB64251D4D12F500C9C8A0 /* libcolview.a */,
			);
			name = Products;
			sourceTree = "<group>";
		};
		01FB64271D4D12F500C9C8A0 /* colview */ = {
			isa = PBXGroup;
			children = (
				01FB64A61D4DAEE900C9C8A0 /* WhiteBoardPoint.h */,
				01FB64A71D4DAEE900C9C8A0 /* WhiteBoardPoint.m */,
				01FB64A81D4DAEE900C9C8A0 /* WhiteBoardView.h */,
				01FB64A91D4DAEE900C9C8A0 /* WhiteBoardView.m */,
				01FB64AA1D4DAEE900C9C8A0 /* WhiteBoardViewManager.h */,
				01FB64AB1D4DAEE900C9C8A0 /* WhiteBoardViewManager.m */,
				01FB64371D4D134600C9C8A0 /* DrawView.h */,
				01FB64381D4D134600C9C8A0 /* DrawView.m */,
				01FB64391D4D134600C9C8A0 /* DrawViewManager.h */,
				01FB643A1D4D134600C9C8A0 /* DrawViewManager.m */,
			);
			path = colview;
			sourceTree = "<group>";
		};
/* End PBXGroup section */

/* Begin PBXNativeTarget section */
		01FB64241D4D12F500C9C8A0 /* colview */ = {
			isa = PBXNativeTarget;
			buildConfigurationList = 01FB642E1D4D12F500C9C8A0 /* Build configuration list for PBXNativeTarget "colview" */;
			buildPhases = (
				01FB64211D4D12F500C9C8A0 /* Sources */,
				01FB64221D4D12F500C9C8A0 /* Frameworks */,
				01FB64231D4D12F500C9C8A0 /* CopyFiles */,
			);
			buildRules = (
			);
			dependencies = (
			);
			name = colview;
			productName = colview;
			productReference = 01FB64251D4D12F500C9C8A0 /* libcolview.a */;
			productType = "com.apple.product-type.library.static";
		};
/* End PBXNativeTarget section */

/* Begin PBXProject section */
		01FB641D1D4D12F500C9C8A0 /* Project object */ = {
			isa = PBXProject;
			attributes = {
				LastUpgradeCheck = 0730;
				ORGANIZATIONNAME = nick.shi;
				TargetAttributes = {
					01FB64241D4D12F500C9C8A0 = {
						CreatedOnToolsVersion = 7.3.1;
					};
				};
			};
			buildConfigurationList = 01FB64201D4D12F500C9C8A0 /* Build configuration list for PBXProject "colview" */;
			compatibilityVersion = "Xcode 3.2";
			developmentRegion = English;
			hasScannedForEncodings = 0;
			knownRegions = (
				en,
			);
			mainGroup = 01FB641C1D4D12F500C9C8A0;
			productRefGroup = 01FB64261D4D12F500C9C8A0 /* Products */;
			projectDirPath = "";
			projectRoot = "";
			targets = (
				01FB64241D4D12F500C9C8A0 /* colview */,
			);
		};
/* End PBXProject section */

/* Begin PBXSourcesBuildPhase section */
		01FB64211D4D12F500C9C8A0 /* Sources */ = {
			isa = PBXSourcesBuildPhase;
			buildActionMask = 2147483647;
			files = (
				01FB643F1D4D134600C9C8A0 /* DrawViewManager.m in Sources */,
				01FB64AC1D4DAEE900C9C8A0 /* WhiteBoardPoint.m in Sources */,
				01FB643E1D4D134600C9C8A0 /* DrawView.m in Sources */,
				01FB64AE1D4DAEE900C9C8A0 /* WhiteBoardViewManager.m in Sources */,
				01FB64AD1D4DAEE900C9C8A0 /* WhiteBoardView.m in Sources */,
			);
			runOnlyForDeploymentPostprocessing = 0;
		};
/* End PBXSourcesBuildPhase section */

/* Begin XCBuildConfiguration section */
		01FB642C1D4D12F500C9C8A0 /* Debug */ = {
			isa = XCBuildConfiguration;
			buildSettings = {
				ALWAYS_SEARCH_USER_PATHS = NO;
				CLANG_ANALYZER_NONNULL = YES;
				CLANG_CXX_LANGUAGE_STANDARD = "gnu++0x";
				CLANG_CXX_LIBRARY = "libc++";
				CLANG_ENABLE_MODULES = YES;
				CLANG_ENABLE_OBJC_ARC = YES;
				CLANG_WARN_BOOL_CONVERSION = YES;
				CLANG_WARN_CONSTANT_CONVERSION = YES;
				CLANG_WARN_DIRECT_OBJC_ISA_USAGE = YES_ERROR;
				CLANG_WARN_EMPTY_BODY = YES;
				CLANG_WARN_ENUM_CONVERSION = YES;
				CLANG_WARN_INT_CONVERSION = YES;
				CLANG_WARN_OBJC_ROOT_CLASS = YES_ERROR;
				CLANG_WARN_UNREACHABLE_CODE = YES;
				CLANG_WARN__DUPLICATE_METHOD_MATCH = YES;
				"CODE_SIGN_IDENTITY[sdk=iphoneos*]" = "iPhone Developer";
				COPY_PHASE_STRIP = NO;
				DEBUG_INFORMATION_FORMAT = dwarf;
				ENABLE_STRICT_OBJC_MSGSEND = YES;
				ENABLE_TESTABILITY = YES;
				GCC_C_LANGUAGE_STANDARD = gnu99;
				GCC_DYNAMIC_NO_PIC = NO;
				GCC_NO_COMMON_BLOCKS = YES;
				GCC_OPTIMIZATION_LEVEL = 0;
				GCC_PREPROCESSOR_DEFINITIONS = (
					"DEBUG=1",
					"$(inherited)",
				);
				GCC_WARN_64_TO_32_BIT_CONVERSION = YES;
				GCC_WARN_ABOUT_RETURN_TYPE = YES_ERROR;
				GCC_WARN_UNDECLARED_SELECTOR = YES;
				GCC_WARN_UNINITIALIZED_AUTOS = YES_AGGRESSIVE;
				GCC_WARN_UNUSED_FUNCTION = YES;
				GCC_WARN_UNUSED_VARIABLE = YES;
				IPHONEOS_DEPLOYMENT_TARGET = 9.3;
				MTL_ENABLE_DEBUG_INFO = YES;
				ONLY_ACTIVE_ARCH = YES;
				SDKROOT = iphoneos;
			};
			name = Debug;
		};
		01FB642D1D4D12F500C9C8A0 /* Release */ = {
			isa = XCBuildConfiguration;
			buildSettings = {
				ALWAYS_SEARCH_USER_PATHS = NO;
				CLANG_ANALYZER_NONNULL = YES;
				CLANG_CXX_LANGUAGE_STANDARD = "gnu++0x";
				CLANG_CXX_LIBRARY = "libc++";
				CLANG_ENABLE_MODULES = YES;
				CLANG_ENABLE_OBJC_ARC = YES;
				CLANG_WARN_BOOL_CONVERSION = YES;
				CLANG_WARN_CONSTANT_CONVERSION = YES;
				CLANG_WARN_DIRECT_OBJC_ISA_USAGE = YES_ERROR;
				CLANG_WARN_EMPTY_BODY = YES;
				CLANG_WARN_ENUM_CONVERSION = YES;
				CLANG_WARN_INT_CONVERSION = YES;
				CLANG_WARN_OBJC_ROOT_CLASS = YES_ERROR;
				CLANG_WARN_UNREACHABLE_CODE = YES;
				CLANG_WARN__DUPLICATE_METHOD_MATCH = YES;
				"CODE_SIGN_IDENTITY[sdk=iphoneos*]" = "iPhone Developer";
				COPY_PHASE_STRIP = NO;
				DEBUG_INFORMATION_FORMAT = "dwarf-with-dsym";
				ENABLE_NS_ASSERTIONS = NO;
				ENABLE_STRICT_OBJC_MSGSEND = YES;
				GCC_C_LANGUAGE_STANDARD = gnu99;
				GCC_NO_COMMON_BLOCKS = YES;
				GCC_WARN_64_TO_32_BIT_CONVERSION = YES;
				GCC_WARN_ABOUT_RETURN_TYPE = YES_ERROR;
				GCC_WARN_UNDECLARED_SELECTOR = YES;
				GCC_WARN_UNINITIALIZED_AUTOS = YES_AGGRESSIVE;
				GCC_WARN_UNUSED_FUNCTION = YES;
				GCC_WARN_UNUSED_VARIABLE = YES;
				IPHONEOS_DEPLOYMENT_TARGET = 9.3;
				MTL_ENABLE_DEBUG_INFO = NO;
				SDKROOT = iphoneos;
				VALIDATE_PRODUCT = YES;
			};
			name = Release;
		};
		01FB642F1D4D12F500C9C8A0 /* Debug */ = {
			isa = XCBuildConfiguration;
			buildSettings = {
				HEADER_SEARCH_PATHS = (
					"$(inherited)",
					/Applications/Xcode.app/Contents/Developer/Toolchains/XcodeDefault.xctoolchain/usr/include,
					"$(SRCROOT)/../../react-native/React/**",
				);
				OTHER_LDFLAGS = "-ObjC";
				PRODUCT_NAME = "$(TARGET_NAME)";
				SKIP_INSTALL = YES;
			};
			name = Debug;
		};
		01FB64301D4D12F500C9C8A0 /* Release */ = {
			isa = XCBuildConfiguration;
			buildSettings = {
				HEADER_SEARCH_PATHS = (
					"$(inherited)",
					/Applications/Xcode.app/Contents/Developer/Toolchains/XcodeDefault.xctoolchain/usr/include,
					"$(SRCROOT)/../../react-native/React/**",
				);
				OTHER_LDFLAGS = "-ObjC";
				PRODUCT_NAME = "$(TARGET_NAME)";
				SKIP_INSTALL = YES;
			};
			name = Release;
		};
/* End XCBuildConfiguration section */

/* Begin XCConfigurationList section */
		01FB64201D4D12F500C9C8A0 /* Build configuration list for PBXProject "colview" */ = {
			isa = XCConfigurationList;
			buildConfigurations = (
				01FB642C1D4D12F500C9C8A0 /* Debug */,
				01FB642D1D4D12F500C9C8A0 /* Release */,
			);
			defaultConfigurationIsVisible = 0;
			defaultConfigurationName = Release;
		};
		01FB642E1D4D12F500C9C8A0 /* Build configuration list for PBXNativeTarget "colview" */ = {
			isa = XCConfigurationList;
			buildConfigurations = (
				01FB642F1D4D12F500C9C8A0 /* Debug */,
				01FB64301D4D12F500C9C8A0 /* Release */,
			);
			defaultConfigurationIsVisible = 0;
			defaultConfigurationName = Release;
		};
/* End XCConfigurationList section */
	};
	rootObject = 01FB641D1D4D12F500C9C8A0 /* Project object */;
}
